
Microsoft Visual Studio Solution File, Format Version 12.00
# Visual Studio Version 17
VisualStudioVersion = 17.9.34723.18
MinimumVisualStudioVersion = 10.0.40219.1
Project("{9A19103F-16F7-4668-BE54-9A1E7A4F7556}") = "JoelGuiPOC1", "JoelGuiPOC1\JoelGuiPOC1.csproj", "{3DC93873-D6BF-44A6-9848-3DC8E797D0B8}"
EndProject
Global
	GlobalSection(SolutionConfigurationPlatforms) = preSolution
		Debug|Any CPU = Debug|Any CPU
		Release|Any CPU = Release|Any CPU
	EndGlobalSection
	GlobalSection(ProjectConfigurationPlatforms) = postSolution
		{3DC93873-D6BF-44A6-9848-3DC8E797D0B8}.Debug|Any CPU.ActiveCfg = Debug|Any CPU
		{3DC93873-D6BF-44A6-9848-3DC8E797D0B8}.Debug|Any CPU.Build.0 = Debug|Any CPU
		{3DC93873-D6BF-44A6-9848-3DC8E797D0B8}.Release|Any CPU.ActiveCfg = Release|Any CPU
		{3DC93873-D6BF-44A6-9848-3DC8E797D0B8}.Release|Any CPU.Build.0 = Release|Any CPU
	EndGlobalSection
	GlobalSection(SolutionProperties) = preSolution
		HideSolutionNode = FALSE
	EndGlobalSection
	GlobalSection(ExtensibilityGlobals) = postSolution
		SolutionGuid = {2DAC6DD9-6EB2-40F5-92D1-4E24B1A5F81B}
	EndGlobalSection
EndGlobal
