
Microsoft Visual Studio Solution File, Format Version 12.00
# Visual Studio Version 17
VisualStudioVersion = 17.11.35219.272
MinimumVisualStudioVersion = 10.0.40219.1
Project("{9A19103F-16F7-4668-BE54-9A1E7A4F7556}") = "TestAlerts", "TestAlerts.csproj", "{931BA46F-D1FA-4D0F-B8B5-F1AB3C7F6693}"
EndProject
Project("{9A19103F-16F7-4668-BE54-9A1E7A4F7556}") = "SimpleAntivirus", "..\..\SAV_SimpleAntiVirus\SimpleAntivirus\SimpleAntivirus.csproj", "{8C6DB9B8-0A80-4933-9F62-25EDEAF7AE89}"
EndProject
Global
	GlobalSection(SolutionConfigurationPlatforms) = preSolution
		Debug|Any CPU = Debug|Any CPU
		Release|Any CPU = Release|Any CPU
	EndGlobalSection
	GlobalSection(ProjectConfigurationPlatforms) = postSolution
		{931BA46F-D1FA-4D0F-B8B5-F1AB3C7F6693}.Debug|Any CPU.ActiveCfg = Debug|Any CPU
		{931BA46F-D1FA-4D0F-B8B5-F1AB3C7F6693}.Debug|Any CPU.Build.0 = Debug|Any CPU
		{931BA46F-D1FA-4D0F-B8B5-F1AB3C7F6693}.Release|Any CPU.ActiveCfg = Release|Any CPU
		{931BA46F-D1FA-4D0F-B8B5-F1AB3C7F6693}.Release|Any CPU.Build.0 = Release|Any CPU
		{8C6DB9B8-0A80-4933-9F62-25EDEAF7AE89}.Debug|Any CPU.ActiveCfg = Debug|Any CPU
		{8C6DB9B8-0A80-4933-9F62-25EDEAF7AE89}.Debug|Any CPU.Build.0 = Debug|Any CPU
		{8C6DB9B8-0A80-4933-9F62-25EDEAF7AE89}.Release|Any CPU.ActiveCfg = Release|Any CPU
		{8C6DB9B8-0A80-4933-9F62-25EDEAF7AE89}.Release|Any CPU.Build.0 = Release|Any CPU
	EndGlobalSection
	GlobalSection(SolutionProperties) = preSolution
		HideSolutionNode = FALSE
	EndGlobalSection
	GlobalSection(ExtensibilityGlobals) = postSolution
		SolutionGuid = {E6A999D4-A61C-46C5-B7C5-F2430A2AC557}
	EndGlobalSection
EndGlobal
