
Microsoft Visual Studio Solution File, Format Version 12.00
# Visual Studio Version 17
VisualStudioVersion = 17.3.32929.385
MinimumVisualStudioVersion = 10.0.40219.1
Project("{FAE04EC0-301F-11D3-BF4B-00C04F79EFBC}") = "Template", "Template\Template.csproj", "{59F4ED55-B1D7-46B9-9818-973BBCDF4111}"
EndProject
Global
	GlobalSection(SolutionConfigurationPlatforms) = preSolution
		Debug|Any CPU = Debug|Any CPU
		Release|Any CPU = Release|Any CPU
	EndGlobalSection
	GlobalSection(ProjectConfigurationPlatforms) = postSolution
		{59F4ED55-B1D7-46B9-9818-973BBCDF4111}.Debug|Any CPU.ActiveCfg = Debug|Any CPU
		{59F4ED55-B1D7-46B9-9818-973BBCDF4111}.Debug|Any CPU.Build.0 = Debug|Any CPU
		{59F4ED55-B1D7-46B9-9818-973BBCDF4111}.Release|Any CPU.ActiveCfg = Release|Any CPU
		{59F4ED55-B1D7-46B9-9818-973BBCDF4111}.Release|Any CPU.Build.0 = Release|Any CPU
	EndGlobalSection
	GlobalSection(SolutionProperties) = preSolution
		HideSolutionNode = FALSE
	EndGlobalSection
	GlobalSection(ExtensibilityGlobals) = postSolution
		SolutionGuid = {0E4CE4E7-493A-4E3E-BE2C-3EE679D0BE68}
	EndGlobalSection
EndGlobal
