
Microsoft Visual Studio Solution File, Format Version 12.00
# Visual Studio Version 17
VisualStudioVersion = 17.9.34902.65
MinimumVisualStudioVersion = 10.0.40219.1
Project("{9A19103F-16F7-4668-BE54-9A1E7A4F7556}") = "TestingIntegrity", "TestingIntegrity.csproj", "{CC871E7F-CFFC-474D-BD68-7B232496BE6B}"
EndProject
Project("{9A19103F-16F7-4668-BE54-9A1E7A4F7556}") = "IntegrityModule", "..\IntegrityModule\IntegrityModule.csproj", "{5236C60A-48FE-4A7E-A5A4-066138D31965}"
EndProject
Global
	GlobalSection(SolutionConfigurationPlatforms) = preSolution
		Debug|Any CPU = Debug|Any CPU
		Release|Any CPU = Release|Any CPU
	EndGlobalSection
	GlobalSection(ProjectConfigurationPlatforms) = postSolution
		{CC871E7F-CFFC-474D-BD68-7B232496BE6B}.Debug|Any CPU.ActiveCfg = Debug|Any CPU
		{CC871E7F-CFFC-474D-BD68-7B232496BE6B}.Debug|Any CPU.Build.0 = Debug|Any CPU
		{CC871E7F-CFFC-474D-BD68-7B232496BE6B}.Release|Any CPU.ActiveCfg = Release|Any CPU
		{CC871E7F-CFFC-474D-BD68-7B232496BE6B}.Release|Any CPU.Build.0 = Release|Any CPU
		{5236C60A-48FE-4A7E-A5A4-066138D31965}.Debug|Any CPU.ActiveCfg = Debug|Any CPU
		{5236C60A-48FE-4A7E-A5A4-066138D31965}.Debug|Any CPU.Build.0 = Debug|Any CPU
		{5236C60A-48FE-4A7E-A5A4-066138D31965}.Release|Any CPU.ActiveCfg = Release|Any CPU
		{5236C60A-48FE-4A7E-A5A4-066138D31965}.Release|Any CPU.Build.0 = Release|Any CPU
	EndGlobalSection
	GlobalSection(SolutionProperties) = preSolution
		HideSolutionNode = FALSE
	EndGlobalSection
	GlobalSection(ExtensibilityGlobals) = postSolution
		SolutionGuid = {44607275-2C2B-4504-AF92-AE4FFF2B14E0}
	EndGlobalSection
EndGlobal
