
Microsoft Visual Studio Solution File, Format Version 12.00
# Visual Studio Version 17
VisualStudioVersion = 17.11.35303.130
MinimumVisualStudioVersion = 10.0.40219.1
Project("{FAE04EC0-301F-11D3-BF4B-00C04F79EFBC}") = "TestingFileHash", "TestingFileHash.csproj", "{8414F71C-9C57-4EC0-99B1-6C6E47882313}"
EndProject
Project("{9A19103F-16F7-4668-BE54-9A1E7A4F7556}") = "SimpleAntivirus", "..\..\SAV_SimpleAntiVirus\SimpleAntivirus\SimpleAntivirus.csproj", "{5F225B3B-7029-40E3-8825-C0562CA37A75}"
EndProject
Global
	GlobalSection(SolutionConfigurationPlatforms) = preSolution
		Debug|Any CPU = Debug|Any CPU
		Release|Any CPU = Release|Any CPU
	EndGlobalSection
	GlobalSection(ProjectConfigurationPlatforms) = postSolution
		{8414F71C-9C57-4EC0-99B1-6C6E47882313}.Debug|Any CPU.ActiveCfg = Debug|Any CPU
		{8414F71C-9C57-4EC0-99B1-6C6E47882313}.Debug|Any CPU.Build.0 = Debug|Any CPU
		{8414F71C-9C57-4EC0-99B1-6C6E47882313}.Release|Any CPU.ActiveCfg = Release|Any CPU
		{8414F71C-9C57-4EC0-99B1-6C6E47882313}.Release|Any CPU.Build.0 = Release|Any CPU
		{5F225B3B-7029-40E3-8825-C0562CA37A75}.Debug|Any CPU.ActiveCfg = Debug|Any CPU
		{5F225B3B-7029-40E3-8825-C0562CA37A75}.Debug|Any CPU.Build.0 = Debug|Any CPU
		{5F225B3B-7029-40E3-8825-C0562CA37A75}.Release|Any CPU.ActiveCfg = Release|Any CPU
		{5F225B3B-7029-40E3-8825-C0562CA37A75}.Release|Any CPU.Build.0 = Release|Any CPU
	EndGlobalSection
	GlobalSection(SolutionProperties) = preSolution
		HideSolutionNode = FALSE
	EndGlobalSection
	GlobalSection(ExtensibilityGlobals) = postSolution
		SolutionGuid = {DE116759-8B7E-4865-ACEE-FDE1BE74B3DA}
	EndGlobalSection
EndGlobal
