
Microsoft Visual Studio Solution File, Format Version 12.00
# Visual Studio Version 17
VisualStudioVersion = 17.11.35208.52
MinimumVisualStudioVersion = 10.0.40219.1
Project("{9A19103F-16F7-4668-BE54-9A1E7A4F7556}") = "SimpleAntivirus", "SimpleAntivirus\SimpleAntivirus.csproj", "{F0C54FE1-DE09-4C5B-830C-5C70C1E61080}"
EndProject
Project("{54435603-DBB4-11D2-8724-00A0C9A8B90C}") = "Installer", "Installer\Installer.vdproj", "{98EE64A8-1DFA-49A0-867E-31A455568D89}"
EndProject
Project("{FAE04EC0-301F-11D3-BF4B-00C04F79EFBC}") = "InstallerScript", "InstallerScript\InstallerScript.csproj", "{A02A616B-BD96-46DA-8475-8E1E080C61DB}"
EndProject
Global
	GlobalSection(SolutionConfigurationPlatforms) = preSolution
		Debug|Any CPU = Debug|Any CPU
		Release|Any CPU = Release|Any CPU
	EndGlobalSection
	GlobalSection(ProjectConfigurationPlatforms) = postSolution
		{F0C54FE1-DE09-4C5B-830C-5C70C1E61080}.Debug|Any CPU.ActiveCfg = Debug|Any CPU
		{F0C54FE1-DE09-4C5B-830C-5C70C1E61080}.Debug|Any CPU.Build.0 = Debug|Any CPU
		{F0C54FE1-DE09-4C5B-830C-5C70C1E61080}.Release|Any CPU.ActiveCfg = Release|Any CPU
		{F0C54FE1-DE09-4C5B-830C-5C70C1E61080}.Release|Any CPU.Build.0 = Release|Any CPU
		{98EE64A8-1DFA-49A0-867E-31A455568D89}.Debug|Any CPU.ActiveCfg = Debug
		{98EE64A8-1DFA-49A0-867E-31A455568D89}.Release|Any CPU.ActiveCfg = Release
		{A02A616B-BD96-46DA-8475-8E1E080C61DB}.Debug|Any CPU.ActiveCfg = Debug|Any CPU
		{A02A616B-BD96-46DA-8475-8E1E080C61DB}.Debug|Any CPU.Build.0 = Debug|Any CPU
		{A02A616B-BD96-46DA-8475-8E1E080C61DB}.Release|Any CPU.ActiveCfg = Release|Any CPU
		{A02A616B-BD96-46DA-8475-8E1E080C61DB}.Release|Any CPU.Build.0 = Release|Any CPU
	EndGlobalSection
	GlobalSection(SolutionProperties) = preSolution
		HideSolutionNode = FALSE
	EndGlobalSection
	GlobalSection(ExtensibilityGlobals) = postSolution
		SolutionGuid = {76CCDEBB-B367-42F5-8B80-1A2CA338BDAC}
	EndGlobalSection
EndGlobal
