
Microsoft Visual Studio Solution File, Format Version 12.00
# Visual Studio Version 17
VisualStudioVersion = 17.9.34902.65
MinimumVisualStudioVersion = 10.0.40219.1
Project("{FAE04EC0-301F-11D3-BF4B-00C04F79EFBC}") = "IntegrityModule", "IntegrityModule.csproj", "{E502D696-C4BA-479F-897A-0CAD36B06F7E}"
EndProject
Global
	GlobalSection(SolutionConfigurationPlatforms) = preSolution
		Debug|Any CPU = Debug|Any CPU
		Release|Any CPU = Release|Any CPU
	EndGlobalSection
	GlobalSection(ProjectConfigurationPlatforms) = postSolution
		{E502D696-C4BA-479F-897A-0CAD36B06F7E}.Debug|Any CPU.ActiveCfg = Debug|Any CPU
		{E502D696-C4BA-479F-897A-0CAD36B06F7E}.Debug|Any CPU.Build.0 = Debug|Any CPU
		{E502D696-C4BA-479F-897A-0CAD36B06F7E}.Release|Any CPU.ActiveCfg = Release|Any CPU
		{E502D696-C4BA-479F-897A-0CAD36B06F7E}.Release|Any CPU.Build.0 = Release|Any CPU
	EndGlobalSection
	GlobalSection(SolutionProperties) = preSolution
		HideSolutionNode = FALSE
	EndGlobalSection
	GlobalSection(ExtensibilityGlobals) = postSolution
		SolutionGuid = {050472B0-94F8-4A5E-A6AF-62CC005C81AD}
	EndGlobalSection
EndGlobal
