
Microsoft Visual Studio Solution File, Format Version 12.00
# Visual Studio Version 17
VisualStudioVersion = 17.10.34916.146
MinimumVisualStudioVersion = 10.0.40219.1
Project("{FAE04EC0-301F-11D3-BF4B-00C04F79EFBC}") = "Alerts", "Alerts\Alerts.csproj", "{79094A6B-6C17-4250-B02F-463413B91BBF}"
EndProject
Global
	GlobalSection(SolutionConfigurationPlatforms) = preSolution
		Debug|Any CPU = Debug|Any CPU
		Release|Any CPU = Release|Any CPU
	EndGlobalSection
	GlobalSection(ProjectConfigurationPlatforms) = postSolution
		{79094A6B-6C17-4250-B02F-463413B91BBF}.Debug|Any CPU.ActiveCfg = Debug|Any CPU
		{79094A6B-6C17-4250-B02F-463413B91BBF}.Debug|Any CPU.Build.0 = Debug|Any CPU
		{79094A6B-6C17-4250-B02F-463413B91BBF}.Release|Any CPU.ActiveCfg = Release|Any CPU
		{79094A6B-6C17-4250-B02F-463413B91BBF}.Release|Any CPU.Build.0 = Release|Any CPU
	EndGlobalSection
	GlobalSection(SolutionProperties) = preSolution
		HideSolutionNode = FALSE
	EndGlobalSection
	GlobalSection(ExtensibilityGlobals) = postSolution
		SolutionGuid = {BAF03C24-9D50-4BDE-8196-40A0E6AA014F}
	EndGlobalSection
EndGlobal
