
Microsoft Visual Studio Solution File, Format Version 12.00
# Visual Studio Version 17
VisualStudioVersion = 17.3.32929.385
MinimumVisualStudioVersion = 10.0.40219.1
Project("{FAE04EC0-301F-11D3-BF4B-00C04F79EFBC}") = "Malicious Detection", "Malicious Detection\Malicious Detection.csproj", "{5A87414E-69ED-4F90-8B8A-CD23080AF23F}"
EndProject
Global
	GlobalSection(SolutionConfigurationPlatforms) = preSolution
		Debug|Any CPU = Debug|Any CPU
		Release|Any CPU = Release|Any CPU
	EndGlobalSection
	GlobalSection(ProjectConfigurationPlatforms) = postSolution
		{5A87414E-69ED-4F90-8B8A-CD23080AF23F}.Debug|Any CPU.ActiveCfg = Debug|Any CPU
		{5A87414E-69ED-4F90-8B8A-CD23080AF23F}.Debug|Any CPU.Build.0 = Debug|Any CPU
		{5A87414E-69ED-4F90-8B8A-CD23080AF23F}.Release|Any CPU.ActiveCfg = Release|Any CPU
		{5A87414E-69ED-4F90-8B8A-CD23080AF23F}.Release|Any CPU.Build.0 = Release|Any CPU
	EndGlobalSection
	GlobalSection(SolutionProperties) = preSolution
		HideSolutionNode = FALSE
	EndGlobalSection
	GlobalSection(ExtensibilityGlobals) = postSolution
		SolutionGuid = {159C1E6E-7A4D-41BC-B16A-8AD0980669B4}
	EndGlobalSection
EndGlobal
